
Microsoft Visual Studio Solution File, Format Version 12.00
# Visual Studio Version 17
VisualStudioVersion = 17.2.32602.215
MinimumVisualStudioVersion = 10.0.40219.1
Project("{9A19103F-16F7-4668-BE54-9A1E7A4F7556}") = "ParseLegionCalendar", "ParseLegionCalendar.csproj", "{5B3FCCFB-F9F6-4E01-B36D-2AF955627E37}"
EndProject
Global
	GlobalSection(SolutionConfigurationPlatforms) = preSolution
		Debug|Any CPU = Debug|Any CPU
		Release|Any CPU = Release|Any CPU
	EndGlobalSection
	GlobalSection(ProjectConfigurationPlatforms) = postSolution
		{5B3FCCFB-F9F6-4E01-B36D-2AF955627E37}.Debug|Any CPU.ActiveCfg = Debug|Any CPU
		{5B3FCCFB-F9F6-4E01-B36D-2AF955627E37}.Debug|Any CPU.Build.0 = Debug|Any CPU
		{5B3FCCFB-F9F6-4E01-B36D-2AF955627E37}.Release|Any CPU.ActiveCfg = Release|Any CPU
		{5B3FCCFB-F9F6-4E01-B36D-2AF955627E37}.Release|Any CPU.Build.0 = Release|Any CPU
	EndGlobalSection
	GlobalSection(SolutionProperties) = preSolution
		HideSolutionNode = FALSE
	EndGlobalSection
	GlobalSection(ExtensibilityGlobals) = postSolution
		SolutionGuid = {C0E4A9DD-DA94-4D26-9CA3-709634B63B97}
	EndGlobalSection
EndGlobal
